
Microsoft Visual Studio Solution File, Format Version 12.00
# Visual Studio Version 16
VisualStudioVersion = 16.0.29920.165
MinimumVisualStudioVersion = 10.0.40219.1
Project("{FAE04EC0-301F-11D3-BF4B-00C04F79EFBC}") = "OpenCSV", "OpenCSV.csproj", "{ABD9F048-F663-4087-86DA-DED8606EDE88}"
EndProject
Global
	GlobalSection(SolutionConfigurationPlatforms) = preSolution
		Debug|Any CPU = Debug|Any CPU
		Release|Any CPU = Release|Any CPU
	EndGlobalSection
	GlobalSection(ProjectConfigurationPlatforms) = postSolution
		{ABD9F048-F663-4087-86DA-DED8606EDE88}.Debug|Any CPU.ActiveCfg = Debug|Any CPU
		{ABD9F048-F663-4087-86DA-DED8606EDE88}.Debug|Any CPU.Build.0 = Debug|Any CPU
		{ABD9F048-F663-4087-86DA-DED8606EDE88}.Release|Any CPU.ActiveCfg = Release|Any CPU
		{ABD9F048-F663-4087-86DA-DED8606EDE88}.Release|Any CPU.Build.0 = Release|Any CPU
	EndGlobalSection
	GlobalSection(SolutionProperties) = preSolution
		HideSolutionNode = FALSE
	EndGlobalSection
	GlobalSection(ExtensibilityGlobals) = postSolution
		SolutionGuid = {1CB3CC4C-6D3C-4230-B0A8-390A7B325B87}
	EndGlobalSection
EndGlobal
